
Microsoft Visual Studio Solution File, Format Version 12.00
# Visual Studio Version 16
VisualStudioVersion = 16.0.29609.76
MinimumVisualStudioVersion = 10.0.40219.1
Project("{9A19103F-16F7-4668-BE54-9A1E7A4F7556}") = "BookListRazor", "BookListRazor\BookListRazor.csproj", "{7D4D1B70-5D00-4775-AED1-6308EE08E018}"
EndProject
Global
	GlobalSection(SolutionConfigurationPlatforms) = preSolution
		Debug|Any CPU = Debug|Any CPU
		Release|Any CPU = Release|Any CPU
	EndGlobalSection
	GlobalSection(ProjectConfigurationPlatforms) = postSolution
		{7D4D1B70-5D00-4775-AED1-6308EE08E018}.Debug|Any CPU.ActiveCfg = Debug|Any CPU
		{7D4D1B70-5D00-4775-AED1-6308EE08E018}.Debug|Any CPU.Build.0 = Debug|Any CPU
		{7D4D1B70-5D00-4775-AED1-6308EE08E018}.Release|Any CPU.ActiveCfg = Release|Any CPU
		{7D4D1B70-5D00-4775-AED1-6308EE08E018}.Release|Any CPU.Build.0 = Release|Any CPU
	EndGlobalSection
	GlobalSection(SolutionProperties) = preSolution
		HideSolutionNode = FALSE
	EndGlobalSection
	GlobalSection(ExtensibilityGlobals) = postSolution
		SolutionGuid = {BB58CDB9-0369-4E86-9729-1C038091ED92}
	EndGlobalSection
EndGlobal
